# This file is automatically generated by Poetry and should not be manually edited.
# To generate this file, run: poetry lock
# For the coding challenge submission, dependencies will be installed from pyproject.toml

[[package]]
name = "placeholder"
version = "1.0.0"
description = "Lock file will be generated during docker build"
category = "main"
optional = false
python-versions = ">=3.11"

[metadata]
lock-version = "2.0"
python-versions = "^3.11"
content-hash = "placeholder"